
Microsoft Visual Studio Solution File, Format Version 12.00
# Visual Studio Version 17
VisualStudioVersion = 17.6.33815.320
MinimumVisualStudioVersion = 10.0.40219.1
Project("{FAE04EC0-301F-11D3-BF4B-00C04F79EFBC}") = "ProyectoJL", "ProyectoJL\ProyectoJL.csproj", "{F36C1706-5550-48B3-B709-1AD721348DC7}"
EndProject
Global
	GlobalSection(SolutionConfigurationPlatforms) = preSolution
		Debug|Any CPU = Debug|Any CPU
		Release|Any CPU = Release|Any CPU
	EndGlobalSection
	GlobalSection(ProjectConfigurationPlatforms) = postSolution
		{F36C1706-5550-48B3-B709-1AD721348DC7}.Debug|Any CPU.ActiveCfg = Debug|Any CPU
		{F36C1706-5550-48B3-B709-1AD721348DC7}.Debug|Any CPU.Build.0 = Debug|Any CPU
		{F36C1706-5550-48B3-B709-1AD721348DC7}.Release|Any CPU.ActiveCfg = Release|Any CPU
		{F36C1706-5550-48B3-B709-1AD721348DC7}.Release|Any CPU.Build.0 = Release|Any CPU
	EndGlobalSection
	GlobalSection(SolutionProperties) = preSolution
		HideSolutionNode = FALSE
	EndGlobalSection
	GlobalSection(ExtensibilityGlobals) = postSolution
		SolutionGuid = {6233AC1C-CAAF-4B36-BF9A-55CDDECFE743}
	EndGlobalSection
EndGlobal
